
Microsoft Visual Studio Solution File, Format Version 12.00
# Visual Studio 15
VisualStudioVersion = 15.0.28307.106
MinimumVisualStudioVersion = 10.0.40219.1
Project("{FAE04EC0-301F-11D3-BF4B-00C04F79EFBC}") = "WebChatBot", "WebChatBot\WebChatBot.csproj", "{9EFA15BE-E861-4487-BFE4-43A57A6F3042}"
EndProject
Global
	GlobalSection(SolutionConfigurationPlatforms) = preSolution
		Debug|Any CPU = Debug|Any CPU
		Release|Any CPU = Release|Any CPU
	EndGlobalSection
	GlobalSection(ProjectConfigurationPlatforms) = postSolution
		{9EFA15BE-E861-4487-BFE4-43A57A6F3042}.Debug|Any CPU.ActiveCfg = Debug|Any CPU
		{9EFA15BE-E861-4487-BFE4-43A57A6F3042}.Debug|Any CPU.Build.0 = Debug|Any CPU
		{9EFA15BE-E861-4487-BFE4-43A57A6F3042}.Release|Any CPU.ActiveCfg = Release|Any CPU
		{9EFA15BE-E861-4487-BFE4-43A57A6F3042}.Release|Any CPU.Build.0 = Release|Any CPU
	EndGlobalSection
	GlobalSection(SolutionProperties) = preSolution
		HideSolutionNode = FALSE
	EndGlobalSection
	GlobalSection(ExtensibilityGlobals) = postSolution
		SolutionGuid = {419655BA-43EE-4C8D-9027-4D46A3B95C5A}
	EndGlobalSection
EndGlobal
